// !$*UTF8*$!
{
	archiveVersion = 1;
	classes = {
	};
	objectVersion = 50;
	objects = {

/* Begin PBXBuildFile section */
		05F5BC25247CE0FA00EE9090 /* AppDelegate.swift in Sources */ = {isa = PBXBuildFile; fileRef = 05F5BC24247CE0FA00EE9090 /* AppDelegate.swift */; };
		05F5BC27247CE0FA00EE9090 /* SceneDelegate.swift in Sources */ = {isa = PBXBuildFile; fileRef = 05F5BC26247CE0FA00EE9090 /* SceneDelegate.swift */; };
		05F5BC29247CE0FA00EE9090 /* ViewController.swift in Sources */ = {isa = PBXBuildFile; fileRef = 05F5BC28247CE0FA00EE9090 /* ViewController.swift */; };
		05F5BC2C247CE0FA00EE9090 /* Main.storyboard in Resources */ = {isa = PBXBuildFile; fileRef = 05F5BC2A247CE0FA00EE9090 /* Main.storyboard */; };
		05F5BC2F247CE0FA00EE9090 /* LRU.xcdatamodeld in Sources */ = {isa = PBXBuildFile; fileRef = 05F5BC2D247CE0FA00EE9090 /* LRU.xcdatamodeld */; };
		05F5BC31247CE0FB00EE9090 /* Assets.xcassets in Resources */ = {isa = PBXBuildFile; fileRef = 05F5BC30247CE0FB00EE9090 /* Assets.xcassets */; };
		05F5BC34247CE0FB00EE9090 /* LaunchScreen.storyboard in Resources */ = {isa = PBXBuildFile; fileRef = 05F5BC32247CE0FB00EE9090 /* LaunchScreen.storyboard */; };
		05F5BC3F247CE0FB00EE9090 /* LRUTests.swift in Sources */ = {isa = PBXBuildFile; fileRef = 05F5BC3E247CE0FB00EE9090 /* LRUTests.swift */; };
		05F5BC4A247CE0FB00EE9090 /* LRUUITests.swift in Sources */ = {isa = PBXBuildFile; fileRef = 05F5BC49247CE0FB00EE9090 /* LRUUITests.swift */; };
/* End PBXBuildFile section */

/* Begin PBXContainerItemProxy section */
		05F5BC3B247CE0FB00EE9090 /* PBXContainerItemProxy */ = {
			isa = PBXContainerItemProxy;
			containerPortal = 05F5BC19247CE0FA00EE9090 /* Project object */;
			proxyType = 1;
			remoteGlobalIDString = 05F5BC20247CE0FA00EE9090;
			remoteInfo = LRU;
		};
		05F5BC46247CE0FB00EE9090 /* PBXContainerItemProxy */ = {
			isa = PBXContainerItemProxy;
			containerPortal = 05F5BC19247CE0FA00EE9090 /* Project object */;
			proxyType = 1;
			remoteGlobalIDString = 05F5BC20247CE0FA00EE9090;
			remoteInfo = LRU;
		};
/* End PBXContainerItemProxy section */

/* Begin PBXFileReference section */
		05F5BC21247CE0FA00EE9090 /* LRU.app */ = {isa = PBXFileReference; explicitFileType = wrapper.application; includeInIndex = 0; path = LRU.app; sourceTree = BUILT_PRODUCTS_DIR; };
		05F5BC24247CE0FA00EE9090 /* AppDelegate.swift */ = {isa = PBXFileReference; lastKnownFileType = sourcecode.swift; path = AppDelegate.swift; sourceTree = "<group>"; };
		05F5BC26247CE0FA00EE9090 /* SceneDelegate.swift */ = {isa = PBXFileReference; lastKnownFileType = sourcecode.swift; path = SceneDelegate.swift; sourceTree = "<group>"; };
		05F5BC28247CE0FA00EE9090 /* ViewController.swift */ = {isa = PBXFileReference; lastKnownFileType = sourcecode.swift; path = ViewController.swift; sourceTree = "<group>"; };
		05F5BC2B247CE0FA00EE9090 /* Base */ = {isa = PBXFileReference; lastKnownFileType = file.storyboard; name = Base; path = Base.lproj/Main.storyboard; sourceTree = "<group>"; };
		05F5BC2E247CE0FA00EE9090 /* LRU.xcdatamodel */ = {isa = PBXFileReference; lastKnownFileType = wrapper.xcdatamodel; path = LRU.xcdatamodel; sourceTree = "<group>"; };
		05F5BC30247CE0FB00EE9090 /* Assets.xcassets */ = {isa = PBXFileReference; lastKnownFileType = folder.assetcatalog; path = Assets.xcassets; sourceTree = "<group>"; };
		05F5BC33247CE0FB00EE9090 /* Base */ = {isa = PBXFileReference; lastKnownFileType = file.storyboard; name = Base; path = Base.lproj/LaunchScreen.storyboard; sourceTree = "<group>"; };
		05F5BC35247CE0FB00EE9090 /* Info.plist */ = {isa = PBXFileReference; lastKnownFileType = text.plist.xml; path = Info.plist; sourceTree = "<group>"; };
		05F5BC3A247CE0FB00EE9090 /* LRUTests.xctest */ = {isa = PBXFileReference; explicitFileType = wrapper.cfbundle; includeInIndex = 0; path = LRUTests.xctest; sourceTree = BUILT_PRODUCTS_DIR; };
		05F5BC3E247CE0FB00EE9090 /* LRUTests.swift */ = {isa = PBXFileReference; lastKnownFileType = sourcecode.swift; path = LRUTests.swift; sourceTree = "<group>"; };
		05F5BC40247CE0FB00EE9090 /* Info.plist */ = {isa = PBXFileReference; lastKnownFileType = text.plist.xml; path = Info.plist; sourceTree = "<group>"; };
		05F5BC45247CE0FB00EE9090 /* LRUUITests.xctest */ = {isa = PBXFileReference; explicitFileType = wrapper.cfbundle; includeInIndex = 0; path = LRUUITests.xctest; sourceTree = BUILT_PRODUCTS_DIR; };
		05F5BC49247CE0FB00EE9090 /* LRUUITests.swift */ = {isa = PBXFileReference; lastKnownFileType = sourcecode.swift; path = LRUUITests.swift; sourceTree = "<group>"; };
		05F5BC4B247CE0FB00EE9090 /* Info.plist */ = {isa = PBXFileReference; lastKnownFileType = text.plist.xml; path = Info.plist; sourceTree = "<group>"; };
/* End PBXFileReference section */

/* Begin PBXFrameworksBuildPhase section */
		05F5BC1E247CE0FA00EE9090 /* Frameworks */ = {
			isa = PBXFrameworksBuildPhase;
			buildActionMask = 2147483647;
			files = (
			);
			runOnlyForDeploymentPostprocessing = 0;
		};
		05F5BC37247CE0FB00EE9090 /* Frameworks */ = {
			isa = PBXFrameworksBuildPhase;
			buildActionMask = 2147483647;
			files = (
			);
			runOnlyForDeploymentPostprocessing = 0;
		};
		05F5BC42247CE0FB00EE9090 /* Frameworks */ = {
			isa = PBXFrameworksBuildPhase;
			buildActionMask = 2147483647;
			files = (
			);
			runOnlyForDeploymentPostprocessing = 0;
		};
/* End PBXFrameworksBuildPhase section */

/* Begin PBXGroup section */
		05F5BC18247CE0FA00EE9090 = {
			isa = PBXGroup;
			children = (
				05F5BC23247CE0FA00EE9090 /* LRU */,
				05F5BC3D247CE0FB00EE9090 /* LRUTests */,
				05F5BC48247CE0FB00EE9090 /* LRUUITests */,
				05F5BC22247CE0FA00EE9090 /* Products */,
			);
			sourceTree = "<group>";
		};
		05F5BC22247CE0FA00EE9090 /* Products */ = {
			isa = PBXGroup;
			children = (
				05F5BC21247CE0FA00EE9090 /* LRU.app */,
				05F5BC3A247CE0FB00EE9090 /* LRUTests.xctest */,
				05F5BC45247CE0FB00EE9090 /* LRUUITests.xctest */,
			);
			name = Products;
			sourceTree = "<group>";
		};
		05F5BC23247CE0FA00EE9090 /* LRU */ = {
			isa = PBXGroup;
			children = (
				05F5BC24247CE0FA00EE9090 /* AppDelegate.swift */,
				05F5BC26247CE0FA00EE9090 /* SceneDelegate.swift */,
				05F5BC28247CE0FA00EE9090 /* ViewController.swift */,
				05F5BC2A247CE0FA00EE9090 /* Main.storyboard */,
				05F5BC30247CE0FB00EE9090 /* Assets.xcassets */,
				05F5BC32247CE0FB00EE9090 /* LaunchScreen.storyboard */,
				05F5BC35247CE0FB00EE9090 /* Info.plist */,
				05F5BC2D247CE0FA00EE9090 /* LRU.xcdatamodeld */,
			);
			path = LRU;
			sourceTree = "<group>";
		};
		05F5BC3D247CE0FB00EE9090 /* LRUTests */ = {
			isa = PBXGroup;
			children = (
				05F5BC3E247CE0FB00EE9090 /* LRUTests.swift */,
				05F5BC40247CE0FB00EE9090 /* Info.plist */,
			);
			path = LRUTests;
			sourceTree = "<group>";
		};
		05F5BC48247CE0FB00EE9090 /* LRUUITests */ = {
			isa = PBXGroup;
			children = (
				05F5BC49247CE0FB00EE9090 /* LRUUITests.swift */,
				05F5BC4B247CE0FB00EE9090 /* Info.plist */,
			);
			path = LRUUITests;
			sourceTree = "<group>";
		};
/* End PBXGroup section */

/* Begin PBXNativeTarget section */
		05F5BC20247CE0FA00EE9090 /* LRU */ = {
			isa = PBXNativeTarget;
			buildConfigurationList = 05F5BC4E247CE0FB00EE9090 /* Build configuration list for PBXNativeTarget "LRU" */;
			buildPhases = (
				05F5BC1D247CE0FA00EE9090 /* Sources */,
				05F5BC1E247CE0FA00EE9090 /* Frameworks */,
				05F5BC1F247CE0FA00EE9090 /* Resources */,
			);
			buildRules = (
			);
			dependencies = (
			);
			name = LRU;
			productName = LRU;
			productReference = 05F5BC21247CE0FA00EE9090 /* LRU.app */;
			productType = "com.apple.product-type.application";
		};
		05F5BC39247CE0FB00EE9090 /* LRUTests */ = {
			isa = PBXNativeTarget;
			buildConfigurationList = 05F5BC51247CE0FB00EE9090 /* Build configuration list for PBXNativeTarget "LRUTests" */;
			buildPhases = (
				05F5BC36247CE0FB00EE9090 /* Sources */,
				05F5BC37247CE0FB00EE9090 /* Frameworks */,
				05F5BC38247CE0FB00EE9090 /* Resources */,
			);
			buildRules = (
			);
			dependencies = (
				05F5BC3C247CE0FB00EE9090 /* PBXTargetDependency */,
			);
			name = LRUTests;
			productName = LRUTests;
			productReference = 05F5BC3A247CE0FB00EE9090 /* LRUTests.xctest */;
			productType = "com.apple.product-type.bundle.unit-test";
		};
		05F5BC44247CE0FB00EE9090 /* LRUUITests */ = {
			isa = PBXNativeTarget;
			buildConfigurationList = 05F5BC54247CE0FB00EE9090 /* Build configuration list for PBXNativeTarget "LRUUITests" */;
			buildPhases = (
				05F5BC41247CE0FB00EE9090 /* Sources */,
				05F5BC42247CE0FB00EE9090 /* Frameworks */,
				05F5BC43247CE0FB00EE9090 /* Resources */,
			);
			buildRules = (
			);
			dependencies = (
				05F5BC47247CE0FB00EE9090 /* PBXTargetDependency */,
			);
			name = LRUUITests;
			productName = LRUUITests;
			productReference = 05F5BC45247CE0FB00EE9090 /* LRUUITests.xctest */;
			productType = "com.apple.product-type.bundle.ui-testing";
		};
/* End PBXNativeTarget section */

/* Begin PBXProject section */
		05F5BC19247CE0FA00EE9090 /* Project object */ = {
			isa = PBXProject;
			attributes = {
				LastSwiftUpdateCheck = 1140;
				LastUpgradeCheck = 1140;
				ORGANIZATIONNAME = "Mohit Kumar";
				TargetAttributes = {
					05F5BC20247CE0FA00EE9090 = {
						CreatedOnToolsVersion = 11.4;
					};
					05F5BC39247CE0FB00EE9090 = {
						CreatedOnToolsVersion = 11.4;
						TestTargetID = 05F5BC20247CE0FA00EE9090;
					};
					05F5BC44247CE0FB00EE9090 = {
						CreatedOnToolsVersion = 11.4;
						TestTargetID = 05F5BC20247CE0FA00EE9090;
					};
				};
			};
			buildConfigurationList = 05F5BC1C247CE0FA00EE9090 /* Build configuration list for PBXProject "LRU" */;
			compatibilityVersion = "Xcode 9.3";
			developmentRegion = en;
			hasScannedForEncodings = 0;
			knownRegions = (
				en,
				Base,
			);
			mainGroup = 05F5BC18247CE0FA00EE9090;
			productRefGroup = 05F5BC22247CE0FA00EE9090 /* Products */;
			projectDirPath = "";
			projectRoot = "";
			targets = (
				05F5BC20247CE0FA00EE9090 /* LRU */,
				05F5BC39247CE0FB00EE9090 /* LRUTests */,
				05F5BC44247CE0FB00EE9090 /* LRUUITests */,
			);
		};
/* End PBXProject section */

/* Begin PBXResourcesBuildPhase section */
		05F5BC1F247CE0FA00EE9090 /* Resources */ = {
			isa = PBXResourcesBuildPhase;
			buildActionMask = 2147483647;
			files = (
				05F5BC34247CE0FB00EE9090 /* LaunchScreen.storyboard in Resources */,
				05F5BC31247CE0FB00EE9090 /* Assets.xcassets in Resources */,
				05F5BC2C247CE0FA00EE9090 /* Main.storyboard in Resources */,
			);
			runOnlyForDeploymentPostprocessing = 0;
		};
		05F5BC38247CE0FB00EE9090 /* Resources */ = {
			isa = PBXResourcesBuildPhase;
			buildActionMask = 2147483647;
			files = (
			);
			runOnlyForDeploymentPostprocessing = 0;
		};
		05F5BC43247CE0FB00EE9090 /* Resources */ = {
			isa = PBXResourcesBuildPhase;
			buildActionMask = 2147483647;
			files = (
			);
			runOnlyForDeploymentPostprocessing = 0;
		};
/* End PBXResourcesBuildPhase section */

/* Begin PBXSourcesBuildPhase section */
		05F5BC1D247CE0FA00EE9090 /* Sources */ = {
			isa = PBXSourcesBuildPhase;
			buildActionMask = 2147483647;
			files = (
				05F5BC29247CE0FA00EE9090 /* ViewController.swift in Sources */,
				05F5BC25247CE0FA00EE9090 /* AppDelegate.swift in Sources */,
				05F5BC27247CE0FA00EE9090 /* SceneDelegate.swift in Sources */,
				05F5BC2F247CE0FA00EE9090 /* LRU.xcdatamodeld in Sources */,
			);
			runOnlyForDeploymentPostprocessing = 0;
		};
		05F5BC36247CE0FB00EE9090 /* Sources */ = {
			isa = PBXSourcesBuildPhase;
			buildActionMask = 2147483647;
			files = (
				05F5BC3F247CE0FB00EE9090 /* LRUTests.swift in Sources */,
			);
			runOnlyForDeploymentPostprocessing = 0;
		};
		05F5BC41247CE0FB00EE9090 /* Sources */ = {
			isa = PBXSourcesBuildPhase;
			buildActionMask = 2147483647;
			files = (
				05F5BC4A247CE0FB00EE9090 /* LRUUITests.swift in Sources */,
			);
			runOnlyForDeploymentPostprocessing = 0;
		};
/* End PBXSourcesBuildPhase section */

/* Begin PBXTargetDependency section */
		05F5BC3C247CE0FB00EE9090 /* PBXTargetDependency */ = {
			isa = PBXTargetDependency;
			target = 05F5BC20247CE0FA00EE9090 /* LRU */;
			targetProxy = 05F5BC3B247CE0FB00EE9090 /* PBXContainerItemProxy */;
		};
		05F5BC47247CE0FB00EE9090 /* PBXTargetDependency */ = {
			isa = PBXTargetDependency;
			target = 05F5BC20247CE0FA00EE9090 /* LRU */;
			targetProxy = 05F5BC46247CE0FB00EE9090 /* PBXContainerItemProxy */;
		};
/* End PBXTargetDependency section */

/* Begin PBXVariantGroup section */
		05F5BC2A247CE0FA00EE9090 /* Main.storyboard */ = {
			isa = PBXVariantGroup;
			children = (
				05F5BC2B247CE0FA00EE9090 /* Base */,
			);
			name = Main.storyboard;
			sourceTree = "<group>";
		};
		05F5BC32247CE0FB00EE9090 /* LaunchScreen.storyboard */ = {
			isa = PBXVariantGroup;
			children = (
				05F5BC33247CE0FB00EE9090 /* Base */,
			);
			name = LaunchScreen.storyboard;
			sourceTree = "<group>";
		};
/* End PBXVariantGroup section */

/* Begin XCBuildConfiguration section */
		05F5BC4C247CE0FB00EE9090 /* Debug */ = {
			isa = XCBuildConfiguration;
			buildSettings = {
				ALWAYS_SEARCH_USER_PATHS = NO;
				CLANG_ANALYZER_NONNULL = YES;
				CLANG_ANALYZER_NUMBER_OBJECT_CONVERSION = YES_AGGRESSIVE;
				CLANG_CXX_LANGUAGE_STANDARD = "gnu++14";
				CLANG_CXX_LIBRARY = "libc++";
				CLANG_ENABLE_MODULES = YES;
				CLANG_ENABLE_OBJC_ARC = YES;
				CLANG_ENABLE_OBJC_WEAK = YES;
				CLANG_WARN_BLOCK_CAPTURE_AUTORELEASING = YES;
				CLANG_WARN_BOOL_CONVERSION = YES;
				CLANG_WARN_COMMA = YES;
				CLANG_WARN_CONSTANT_CONVERSION = YES;
				CLANG_WARN_DEPRECATED_OBJC_IMPLEMENTATIONS = YES;
				CLANG_WARN_DIRECT_OBJC_ISA_USAGE = YES_ERROR;
				CLANG_WARN_DOCUMENTATION_COMMENTS = YES;
				CLANG_WARN_EMPTY_BODY = YES;
				CLANG_WARN_ENUM_CONVERSION = YES;
				CLANG_WARN_INFINITE_RECURSION = YES;
				CLANG_WARN_INT_CONVERSION = YES;
				CLANG_WARN_NON_LITERAL_NULL_CONVERSION = YES;
				CLANG_WARN_OBJC_IMPLICIT_RETAIN_SELF = YES;
				CLANG_WARN_OBJC_LITERAL_CONVERSION = YES;
				CLANG_WARN_OBJC_ROOT_CLASS = YES_ERROR;
				CLANG_WARN_RANGE_LOOP_ANALYSIS = YES;
				CLANG_WARN_STRICT_PROTOTYPES = YES;
				CLANG_WARN_SUSPICIOUS_MOVE = YES;
				CLANG_WARN_UNGUARDED_AVAILABILITY = YES_AGGRESSIVE;
				CLANG_WARN_UNREACHABLE_CODE = YES;
				CLANG_WARN__DUPLICATE_METHOD_MATCH = YES;
				COPY_PHASE_STRIP = NO;
				DEBUG_INFORMATION_FORMAT = dwarf;
				ENABLE_STRICT_OBJC_MSGSEND = YES;
				ENABLE_TESTABILITY = YES;
				GCC_C_LANGUAGE_STANDARD = gnu11;
				GCC_DYNAMIC_NO_PIC = NO;
				GCC_NO_COMMON_BLOCKS = YES;
				GCC_OPTIMIZATION_LEVEL = 0;
				GCC_PREPROCESSOR_DEFINITIONS = (
					"DEBUG=1",
					"$(inherited)",
				);
				GCC_WARN_64_TO_32_BIT_CONVERSION = YES;
				GCC_WARN_ABOUT_RETURN_TYPE = YES_ERROR;
				GCC_WARN_UNDECLARED_SELECTOR = YES;
				GCC_WARN_UNINITIALIZED_AUTOS = YES_AGGRESSIVE;
				GCC_WARN_UNUSED_FUNCTION = YES;
				GCC_WARN_UNUSED_VARIABLE = YES;
				IPHONEOS_DEPLOYMENT_TARGET = 13.4;
				MTL_ENABLE_DEBUG_INFO = INCLUDE_SOURCE;
				MTL_FAST_MATH = YES;
				ONLY_ACTIVE_ARCH = YES;
				SDKROOT = iphoneos;
				SWIFT_ACTIVE_COMPILATION_CONDITIONS = DEBUG;
				SWIFT_OPTIMIZATION_LEVEL = "-Onone";
			};
			name = Debug;
		};
		05F5BC4D247CE0FB00EE9090 /* Release */ = {
			isa = XCBuildConfiguration;
			buildSettings = {
				ALWAYS_SEARCH_USER_PATHS = NO;
				CLANG_ANALYZER_NONNULL = YES;
				CLANG_ANALYZER_NUMBER_OBJECT_CONVERSION = YES_AGGRESSIVE;
				CLANG_CXX_LANGUAGE_STANDARD = "gnu++14";
				CLANG_CXX_LIBRARY = "libc++";
				CLANG_ENABLE_MODULES = YES;
				CLANG_ENABLE_OBJC_ARC = YES;
				CLANG_ENABLE_OBJC_WEAK = YES;
				CLANG_WARN_BLOCK_CAPTURE_AUTORELEASING = YES;
				CLANG_WARN_BOOL_CONVERSION = YES;
				CLANG_WARN_COMMA = YES;
				CLANG_WARN_CONSTANT_CONVERSION = YES;
				CLANG_WARN_DEPRECATED_OBJC_IMPLEMENTATIONS = YES;
				CLANG_WARN_DIRECT_OBJC_ISA_USAGE = YES_ERROR;
				CLANG_WARN_DOCUMENTATION_COMMENTS = YES;
				CLANG_WARN_EMPTY_BODY = YES;
				CLANG_WARN_ENUM_CONVERSION = YES;
				CLANG_WARN_INFINITE_RECURSION = YES;
				CLANG_WARN_INT_CONVERSION = YES;
				CLANG_WARN_NON_LITERAL_NULL_CONVERSION = YES;
				CLANG_WARN_OBJC_IMPLICIT_RETAIN_SELF = YES;
				CLANG_WARN_OBJC_LITERAL_CONVERSION = YES;
				CLANG_WARN_OBJC_ROOT_CLASS = YES_ERROR;
				CLANG_WARN_RANGE_LOOP_ANALYSIS = YES;
				CLANG_WARN_STRICT_PROTOTYPES = YES;
				CLANG_WARN_SUSPICIOUS_MOVE = YES;
				CLANG_WARN_UNGUARDED_AVAILABILITY = YES_AGGRESSIVE;
				CLANG_WARN_UNREACHABLE_CODE = YES;
				CLANG_WARN__DUPLICATE_METHOD_MATCH = YES;
				COPY_PHASE_STRIP = NO;
				DEBUG_INFORMATION_FORMAT = "dwarf-with-dsym";
				ENABLE_NS_ASSERTIONS = NO;
				ENABLE_STRICT_OBJC_MSGSEND = YES;
				GCC_C_LANGUAGE_STANDARD = gnu11;
				GCC_NO_COMMON_BLOCKS = YES;
				GCC_WARN_64_TO_32_BIT_CONVERSION = YES;
				GCC_WARN_ABOUT_RETURN_TYPE = YES_ERROR;
				GCC_WARN_UNDECLARED_SELECTOR = YES;
				GCC_WARN_UNINITIALIZED_AUTOS = YES_AGGRESSIVE;
				GCC_WARN_UNUSED_FUNCTION = YES;
				GCC_WARN_UNUSED_VARIABLE = YES;
				IPHONEOS_DEPLOYMENT_TARGET = 13.4;
				MTL_ENABLE_DEBUG_INFO = NO;
				MTL_FAST_MATH = YES;
				SDKROOT = iphoneos;
				SWIFT_COMPILATION_MODE = wholemodule;
				SWIFT_OPTIMIZATION_LEVEL = "-O";
				VALIDATE_PRODUCT = YES;
			};
			name = Release;
		};
		05F5BC4F247CE0FB00EE9090 /* Debug */ = {
			isa = XCBuildConfiguration;
			buildSettings = {
				ASSETCATALOG_COMPILER_APPICON_NAME = AppIcon;
				CODE_SIGN_STYLE = Automatic;
				INFOPLIST_FILE = LRU/Info.plist;
				LD_RUNPATH_SEARCH_PATHS = (
					"$(inherited)",
					"@executable_path/Frameworks",
				);
				PRODUCT_BUNDLE_IDENTIFIER = com.mohit.LRU;
				PRODUCT_NAME = "$(TARGET_NAME)";
				SWIFT_VERSION = 5.0;
				TARGETED_DEVICE_FAMILY = "1,2";
			};
			name = Debug;
		};
		05F5BC50247CE0FB00EE9090 /* Release */ = {
			isa = XCBuildConfiguration;
			buildSettings = {
				ASSETCATALOG_COMPILER_APPICON_NAME = AppIcon;
				CODE_SIGN_STYLE = Automatic;
				INFOPLIST_FILE = LRU/Info.plist;
				LD_RUNPATH_SEARCH_PATHS = (
					"$(inherited)",
					"@executable_path/Frameworks",
				);
				PRODUCT_BUNDLE_IDENTIFIER = com.mohit.LRU;
				PRODUCT_NAME = "$(TARGET_NAME)";
				SWIFT_VERSION = 5.0;
				TARGETED_DEVICE_FAMILY = "1,2";
			};
			name = Release;
		};
		05F5BC52247CE0FB00EE9090 /* Debug */ = {
			isa = XCBuildConfiguration;
			buildSettings = {
				ALWAYS_EMBED_SWIFT_STANDARD_LIBRARIES = YES;
				BUNDLE_LOADER = "$(TEST_HOST)";
				CODE_SIGN_STYLE = Automatic;
				INFOPLIST_FILE = LRUTests/Info.plist;
				IPHONEOS_DEPLOYMENT_TARGET = 13.4;
				LD_RUNPATH_SEARCH_PATHS = (
					"$(inherited)",
					"@executable_path/Frameworks",
					"@loader_path/Frameworks",
				);
				PRODUCT_BUNDLE_IDENTIFIER = com.mohit.LRUTests;
				PRODUCT_NAME = "$(TARGET_NAME)";
				SWIFT_VERSION = 5.0;
				TARGETED_DEVICE_FAMILY = "1,2";
				TEST_HOST = "$(BUILT_PRODUCTS_DIR)/LRU.app/LRU";
			};
			name = Debug;
		};
		05F5BC53247CE0FB00EE9090 /* Release */ = {
			isa = XCBuildConfiguration;
			buildSettings = {
				ALWAYS_EMBED_SWIFT_STANDARD_LIBRARIES = YES;
				BUNDLE_LOADER = "$(TEST_HOST)";
				CODE_SIGN_STYLE = Automatic;
				INFOPLIST_FILE = LRUTests/Info.plist;
				IPHONEOS_DEPLOYMENT_TARGET = 13.4;
				LD_RUNPATH_SEARCH_PATHS = (
					"$(inherited)",
					"@executable_path/Frameworks",
					"@loader_path/Frameworks",
				);
				PRODUCT_BUNDLE_IDENTIFIER = com.mohit.LRUTests;
				PRODUCT_NAME = "$(TARGET_NAME)";
				SWIFT_VERSION = 5.0;
				TARGETED_DEVICE_FAMILY = "1,2";
				TEST_HOST = "$(BUILT_PRODUCTS_DIR)/LRU.app/LRU";
			};
			name = Release;
		};
		05F5BC55247CE0FB00EE9090 /* Debug */ = {
			isa = XCBuildConfiguration;
			buildSettings = {
				ALWAYS_EMBED_SWIFT_STANDARD_LIBRARIES = YES;
				CODE_SIGN_STYLE = Automatic;
				INFOPLIST_FILE = LRUUITests/Info.plist;
				LD_RUNPATH_SEARCH_PATHS = (
					"$(inherited)",
					"@executable_path/Frameworks",
					"@loader_path/Frameworks",
				);
				PRODUCT_BUNDLE_IDENTIFIER = com.mohit.LRUUITests;
				PRODUCT_NAME = "$(TARGET_NAME)";
				SWIFT_VERSION = 5.0;
				TARGETED_DEVICE_FAMILY = "1,2";
				TEST_TARGET_NAME = LRU;
			};
			name = Debug;
		};
		05F5BC56247CE0FB00EE9090 /* Release */ = {
			isa = XCBuildConfiguration;
			buildSettings = {
				ALWAYS_EMBED_SWIFT_STANDARD_LIBRARIES = YES;
				CODE_SIGN_STYLE = Automatic;
				INFOPLIST_FILE = LRUUITests/Info.plist;
				LD_RUNPATH_SEARCH_PATHS = (
					"$(inherited)",
					"@executable_path/Frameworks",
					"@loader_path/Frameworks",
				);
				PRODUCT_BUNDLE_IDENTIFIER = com.mohit.LRUUITests;
				PRODUCT_NAME = "$(TARGET_NAME)";
				SWIFT_VERSION = 5.0;
				TARGETED_DEVICE_FAMILY = "1,2";
				TEST_TARGET_NAME = LRU;
			};
			name = Release;
		};
/* End XCBuildConfiguration section */

/* Begin XCConfigurationList section */
		05F5BC1C247CE0FA00EE9090 /* Build configuration list for PBXProject "LRU" */ = {
			isa = XCConfigurationList;
			buildConfigurations = (
				05F5BC4C247CE0FB00EE9090 /* Debug */,
				05F5BC4D247CE0FB00EE9090 /* Release */,
			);
			defaultConfigurationIsVisible = 0;
			defaultConfigurationName = Release;
		};
		05F5BC4E247CE0FB00EE9090 /* Build configuration list for PBXNativeTarget "LRU" */ = {
			isa = XCConfigurationList;
			buildConfigurations = (
				05F5BC4F247CE0FB00EE9090 /* Debug */,
				05F5BC50247CE0FB00EE9090 /* Release */,
			);
			defaultConfigurationIsVisible = 0;
			defaultConfigurationName = Release;
		};
		05F5BC51247CE0FB00EE9090 /* Build configuration list for PBXNativeTarget "LRUTests" */ = {
			isa = XCConfigurationList;
			buildConfigurations = (
				05F5BC52247CE0FB00EE9090 /* Debug */,
				05F5BC53247CE0FB00EE9090 /* Release */,
			);
			defaultConfigurationIsVisible = 0;
			defaultConfigurationName = Release;
		};
		05F5BC54247CE0FB00EE9090 /* Build configuration list for PBXNativeTarget "LRUUITests" */ = {
			isa = XCConfigurationList;
			buildConfigurations = (
				05F5BC55247CE0FB00EE9090 /* Debug */,
				05F5BC56247CE0FB00EE9090 /* Release */,
			);
			defaultConfigurationIsVisible = 0;
			defaultConfigurationName = Release;
		};
/* End XCConfigurationList section */

/* Begin XCVersionGroup section */
		05F5BC2D247CE0FA00EE9090 /* LRU.xcdatamodeld */ = {
			isa = XCVersionGroup;
			children = (
				05F5BC2E247CE0FA00EE9090 /* LRU.xcdatamodel */,
			);
			currentVersion = 05F5BC2E247CE0FA00EE9090 /* LRU.xcdatamodel */;
			path = LRU.xcdatamodeld;
			sourceTree = "<group>";
			versionGroupType = wrapper.xcdatamodel;
		};
/* End XCVersionGroup section */
	};
	rootObject = 05F5BC19247CE0FA00EE9090 /* Project object */;
}
